# THIS IS AN AUTOGENERATED FILE. DO NOT EDIT THIS FILE DIRECTLY.
# yarn lockfile v1


"lodash@^4.17.21":
  "integrity" "sha512-v2kDEe57lecTulaDIuNTPy3Ry4gLGJ6Z1O3vE1krgXZNrsQ+LFTGHVxVjcXPs17LhbZVGedAJv8XZ1tvj5FvSg=="
  "resolved" "https://registry.npmjs.org/lodash/-/lodash-4.17.21.tgz"
  "version" "4.17.21"

"rxjs@^7.3.1":
  "integrity" "sha512-vNenx7gqjPyeKpRnM6S5Ksm/oFTRijWWzYlRON04KaehZ3YjDwEmVjGUGo0TKWVjeNXOujVRlh0K1drUbcdPkw=="
  "resolved" "https://registry.npmjs.org/rxjs/-/rxjs-7.3.1.tgz"
  "version" "7.3.1"
  dependencies:
    "tslib" "~2.1.0"

"tslib@~2.1.0":
  "integrity" "sha512-hcVC3wYEziELGGmEEXue7D75zbwIIVUMWAVbHItGPx0ziyXxrOMQx4rQEVEV45Ut/1IotuEvwqPopzIOkDMf0A=="
  "resolved" "https://registry.npmjs.org/tslib/-/tslib-2.1.0.tgz"
  "version" "2.1.0"

"xmlhttprequest@^1.8.0":
  "integrity" "sha1-Z/4HXFwk/vOfnWX197f+dRcZaPw="
  "resolved" "https://registry.npmjs.org/xmlhttprequest/-/xmlhttprequest-1.8.0.tgz"
  "version" "1.8.0"
